
Microsoft Visual Studio Solution File, Format Version 12.00
Project("{FAE04EC0-301F-11D3-BF4B-00C04F79EFBC}") = "LargeExcelStreaming", "LargeExcelStreaming\LargeExcelStreaming.csproj", "{28EDF6A1-7EC1-4849-8D9B-E79060127906}"
EndProject
Global
	GlobalSection(SolutionConfigurationPlatforms) = preSolution
		Debug|Any CPU = Debug|Any CPU
		Release|Any CPU = Release|Any CPU
	EndGlobalSection
	GlobalSection(ProjectConfigurationPlatforms) = postSolution
		{28EDF6A1-7EC1-4849-8D9B-E79060127906}.Debug|Any CPU.ActiveCfg = Debug|Any CPU
		{28EDF6A1-7EC1-4849-8D9B-E79060127906}.Debug|Any CPU.Build.0 = Debug|Any CPU
		{28EDF6A1-7EC1-4849-8D9B-E79060127906}.Release|Any CPU.ActiveCfg = Release|Any CPU
		{28EDF6A1-7EC1-4849-8D9B-E79060127906}.Release|Any CPU.Build.0 = Release|Any CPU
	EndGlobalSection
EndGlobal
